
Microsoft Visual Studio Solution File, Format Version 12.00
# Visual Studio 15
VisualStudioVersion = 15.0.27130.2027
MinimumVisualStudioVersion = 10.0.40219.1
Project("{FAE04EC0-301F-11D3-BF4B-00C04F79EFBC}") = "DiabeticCalculator", "DiabeticCalculator\DiabeticCalculator.csproj", "{DCE39B93-F006-4486-B684-38834E847FC7}"
EndProject
Project("{FAE04EC0-301F-11D3-BF4B-00C04F79EFBC}") = "SqlConnector", "SqlConnector\SqlConnector.csproj", "{B6658487-B19C-4CA6-B79B-B68A89BED6B8}"
EndProject
Project("{FAE04EC0-301F-11D3-BF4B-00C04F79EFBC}") = "Test", "Test\Test.csproj", "{A4DACA42-CF60-4B72-A427-417C0D320D14}"
EndProject
Global
	GlobalSection(SolutionConfigurationPlatforms) = preSolution
		Debug|Any CPU = Debug|Any CPU
		Release|Any CPU = Release|Any CPU
	EndGlobalSection
	GlobalSection(ProjectConfigurationPlatforms) = postSolution
		{DCE39B93-F006-4486-B684-38834E847FC7}.Debug|Any CPU.ActiveCfg = Debug|Any CPU
		{DCE39B93-F006-4486-B684-38834E847FC7}.Debug|Any CPU.Build.0 = Debug|Any CPU
		{DCE39B93-F006-4486-B684-38834E847FC7}.Release|Any CPU.ActiveCfg = Release|Any CPU
		{DCE39B93-F006-4486-B684-38834E847FC7}.Release|Any CPU.Build.0 = Release|Any CPU
		{B6658487-B19C-4CA6-B79B-B68A89BED6B8}.Debug|Any CPU.ActiveCfg = Debug|Any CPU
		{B6658487-B19C-4CA6-B79B-B68A89BED6B8}.Debug|Any CPU.Build.0 = Debug|Any CPU
		{B6658487-B19C-4CA6-B79B-B68A89BED6B8}.Release|Any CPU.ActiveCfg = Release|Any CPU
		{B6658487-B19C-4CA6-B79B-B68A89BED6B8}.Release|Any CPU.Build.0 = Release|Any CPU
		{A4DACA42-CF60-4B72-A427-417C0D320D14}.Debug|Any CPU.ActiveCfg = Debug|Any CPU
		{A4DACA42-CF60-4B72-A427-417C0D320D14}.Debug|Any CPU.Build.0 = Debug|Any CPU
		{A4DACA42-CF60-4B72-A427-417C0D320D14}.Release|Any CPU.ActiveCfg = Release|Any CPU
		{A4DACA42-CF60-4B72-A427-417C0D320D14}.Release|Any CPU.Build.0 = Release|Any CPU
	EndGlobalSection
	GlobalSection(SolutionProperties) = preSolution
		HideSolutionNode = FALSE
	EndGlobalSection
	GlobalSection(ExtensibilityGlobals) = postSolution
		SolutionGuid = {BCDB8036-29ED-492C-BA00-B96098089AAF}
	EndGlobalSection
EndGlobal
